// !$*UTF8*$!
{
	archiveVersion = 1;
	classes = {
	};
	objectVersion = 56;
	objects = {

/* Begin PBXBuildFile section */
		26968C242C7A398D00DDE0A5 /* Just_NoteApp.swift in Sources */ = {isa = PBXBuildFile; fileRef = 26968C232C7A398D00DDE0A5 /* Just_NoteApp.swift */; };
		26968C262C7A398D00DDE0A5 /* ContentView.swift in Sources */ = {isa = PBXBuildFile; fileRef = 26968C252C7A398D00DDE0A5 /* ContentView.swift */; };
		26968C282C7A398E00DDE0A5 /* Assets.xcassets in Resources */ = {isa = PBXBuildFile; fileRef = 26968C272C7A398E00DDE0A5 /* Assets.xcassets */; };
		26968C2C2C7A398E00DDE0A5 /* Preview Assets.xcassets in Resources */ = {isa = PBXBuildFile; fileRef = 26968C2B2C7A398E00DDE0A5 /* Preview Assets.xcassets */; };
		26968C342C7A3A2E00DDE0A5 /* SwiftUtils in Frameworks */ = {isa = PBXBuildFile; productRef = 26968C332C7A3A2E00DDE0A5 /* SwiftUtils */; };
		26968C392C7A3B0100DDE0A5 /* SettingView.swift in Sources */ = {isa = PBXBuildFile; fileRef = 26968C382C7A3B0100DDE0A5 /* SettingView.swift */; };
		26968C3B2C7A3B1800DDE0A5 /* MainView.swift in Sources */ = {isa = PBXBuildFile; fileRef = 26968C3A2C7A3B1800DDE0A5 /* MainView.swift */; };
		26968C3D2C7A3B2000DDE0A5 /* HomeView.swift in Sources */ = {isa = PBXBuildFile; fileRef = 26968C3C2C7A3B2000DDE0A5 /* HomeView.swift */; };
		26968C402C7A3D3100DDE0A5 /* ListItemView.swift in Sources */ = {isa = PBXBuildFile; fileRef = 26968C3F2C7A3D3100DDE0A5 /* ListItemView.swift */; };
		26968C422C7A3F1C00DDE0A5 /* EditView.swift in Sources */ = {isa = PBXBuildFile; fileRef = 26968C412C7A3F1C00DDE0A5 /* EditView.swift */; };
		26968C442C7B833D00DDE0A5 /* NoteService.swift in Sources */ = {isa = PBXBuildFile; fileRef = 26968C432C7B833D00DDE0A5 /* NoteService.swift */; };
		26968C462C7B838900DDE0A5 /* NoteItemModel.swift in Sources */ = {isa = PBXBuildFile; fileRef = 26968C452C7B838900DDE0A5 /* NoteItemModel.swift */; };
/* End PBXBuildFile section */

/* Begin PBXFileReference section */
		26968C202C7A398D00DDE0A5 /* Just Note.app */ = {isa = PBXFileReference; explicitFileType = wrapper.application; includeInIndex = 0; path = "Just Note.app"; sourceTree = BUILT_PRODUCTS_DIR; };
		26968C232C7A398D00DDE0A5 /* Just_NoteApp.swift */ = {isa = PBXFileReference; lastKnownFileType = sourcecode.swift; path = Just_NoteApp.swift; sourceTree = "<group>"; };
		26968C252C7A398D00DDE0A5 /* ContentView.swift */ = {isa = PBXFileReference; lastKnownFileType = sourcecode.swift; path = ContentView.swift; sourceTree = "<group>"; };
		26968C272C7A398E00DDE0A5 /* Assets.xcassets */ = {isa = PBXFileReference; lastKnownFileType = folder.assetcatalog; path = Assets.xcassets; sourceTree = "<group>"; };
		26968C292C7A398E00DDE0A5 /* Just_Note.entitlements */ = {isa = PBXFileReference; lastKnownFileType = text.plist.entitlements; path = Just_Note.entitlements; sourceTree = "<group>"; };
		26968C2B2C7A398E00DDE0A5 /* Preview Assets.xcassets */ = {isa = PBXFileReference; lastKnownFileType = folder.assetcatalog; path = "Preview Assets.xcassets"; sourceTree = "<group>"; };
		26968C382C7A3B0100DDE0A5 /* SettingView.swift */ = {isa = PBXFileReference; lastKnownFileType = sourcecode.swift; path = SettingView.swift; sourceTree = "<group>"; };
		26968C3A2C7A3B1800DDE0A5 /* MainView.swift */ = {isa = PBXFileReference; lastKnownFileType = sourcecode.swift; path = MainView.swift; sourceTree = "<group>"; };
		26968C3C2C7A3B2000DDE0A5 /* HomeView.swift */ = {isa = PBXFileReference; lastKnownFileType = sourcecode.swift; path = HomeView.swift; sourceTree = "<group>"; };
		26968C3F2C7A3D3100DDE0A5 /* ListItemView.swift */ = {isa = PBXFileReference; lastKnownFileType = sourcecode.swift; path = ListItemView.swift; sourceTree = "<group>"; };
		26968C412C7A3F1C00DDE0A5 /* EditView.swift */ = {isa = PBXFileReference; lastKnownFileType = sourcecode.swift; path = EditView.swift; sourceTree = "<group>"; };
		26968C432C7B833D00DDE0A5 /* NoteService.swift */ = {isa = PBXFileReference; lastKnownFileType = sourcecode.swift; path = NoteService.swift; sourceTree = "<group>"; };
		26968C452C7B838900DDE0A5 /* NoteItemModel.swift */ = {isa = PBXFileReference; lastKnownFileType = sourcecode.swift; path = NoteItemModel.swift; sourceTree = "<group>"; };
/* End PBXFileReference section */

/* Begin PBXFrameworksBuildPhase section */
		26968C1D2C7A398D00DDE0A5 /* Frameworks */ = {
			isa = PBXFrameworksBuildPhase;
			buildActionMask = 2147483647;
			files = (
				26968C342C7A3A2E00DDE0A5 /* SwiftUtils in Frameworks */,
			);
			runOnlyForDeploymentPostprocessing = 0;
		};
/* End PBXFrameworksBuildPhase section */

/* Begin PBXGroup section */
		26968C172C7A398D00DDE0A5 = {
			isa = PBXGroup;
			children = (
				26968C222C7A398D00DDE0A5 /* Just Note */,
				26968C212C7A398D00DDE0A5 /* Products */,
			);
			sourceTree = "<group>";
		};
		26968C212C7A398D00DDE0A5 /* Products */ = {
			isa = PBXGroup;
			children = (
				26968C202C7A398D00DDE0A5 /* Just Note.app */,
			);
			name = Products;
			sourceTree = "<group>";
		};
		26968C222C7A398D00DDE0A5 /* Just Note */ = {
			isa = PBXGroup;
			children = (
				26968C372C7A3ABE00DDE0A5 /* Models */,
				26968C362C7A3AB700DDE0A5 /* Services */,
				26968C352C7A3AAF00DDE0A5 /* Views */,
				26968C232C7A398D00DDE0A5 /* Just_NoteApp.swift */,
				26968C252C7A398D00DDE0A5 /* ContentView.swift */,
				26968C272C7A398E00DDE0A5 /* Assets.xcassets */,
				26968C292C7A398E00DDE0A5 /* Just_Note.entitlements */,
				26968C2A2C7A398E00DDE0A5 /* Preview Content */,
			);
			path = "Just Note";
			sourceTree = "<group>";
		};
		26968C2A2C7A398E00DDE0A5 /* Preview Content */ = {
			isa = PBXGroup;
			children = (
				26968C2B2C7A398E00DDE0A5 /* Preview Assets.xcassets */,
			);
			path = "Preview Content";
			sourceTree = "<group>";
		};
		26968C352C7A3AAF00DDE0A5 /* Views */ = {
			isa = PBXGroup;
			children = (
				26968C3E2C7A3D1D00DDE0A5 /* Componets */,
				26968C382C7A3B0100DDE0A5 /* SettingView.swift */,
				26968C3A2C7A3B1800DDE0A5 /* MainView.swift */,
				26968C3C2C7A3B2000DDE0A5 /* HomeView.swift */,
				26968C412C7A3F1C00DDE0A5 /* EditView.swift */,
			);
			path = Views;
			sourceTree = "<group>";
		};
		26968C362C7A3AB700DDE0A5 /* Services */ = {
			isa = PBXGroup;
			children = (
				26968C432C7B833D00DDE0A5 /* NoteService.swift */,
			);
			path = Services;
			sourceTree = "<group>";
		};
		26968C372C7A3ABE00DDE0A5 /* Models */ = {
			isa = PBXGroup;
			children = (
				26968C452C7B838900DDE0A5 /* NoteItemModel.swift */,
			);
			path = Models;
			sourceTree = "<group>";
		};
		26968C3E2C7A3D1D00DDE0A5 /* Componets */ = {
			isa = PBXGroup;
			children = (
				26968C3F2C7A3D3100DDE0A5 /* ListItemView.swift */,
			);
			path = Componets;
			sourceTree = "<group>";
		};
/* End PBXGroup section */

/* Begin PBXNativeTarget section */
		26968C1F2C7A398D00DDE0A5 /* Just Note */ = {
			isa = PBXNativeTarget;
			buildConfigurationList = 26968C2F2C7A398E00DDE0A5 /* Build configuration list for PBXNativeTarget "Just Note" */;
			buildPhases = (
				26968C1C2C7A398D00DDE0A5 /* Sources */,
				26968C1D2C7A398D00DDE0A5 /* Frameworks */,
				26968C1E2C7A398D00DDE0A5 /* Resources */,
			);
			buildRules = (
			);
			dependencies = (
			);
			name = "Just Note";
			packageProductDependencies = (
				26968C332C7A3A2E00DDE0A5 /* SwiftUtils */,
			);
			productName = "Just Note";
			productReference = 26968C202C7A398D00DDE0A5 /* Just Note.app */;
			productType = "com.apple.product-type.application";
		};
/* End PBXNativeTarget section */

/* Begin PBXProject section */
		26968C182C7A398D00DDE0A5 /* Project object */ = {
			isa = PBXProject;
			attributes = {
				BuildIndependentTargetsInParallel = 1;
				LastSwiftUpdateCheck = 1540;
				LastUpgradeCheck = 1540;
				TargetAttributes = {
					26968C1F2C7A398D00DDE0A5 = {
						CreatedOnToolsVersion = 15.4;
					};
				};
			};
			buildConfigurationList = 26968C1B2C7A398D00DDE0A5 /* Build configuration list for PBXProject "Just Note" */;
			compatibilityVersion = "Xcode 14.0";
			developmentRegion = en;
			hasScannedForEncodings = 0;
			knownRegions = (
				en,
				Base,
			);
			mainGroup = 26968C172C7A398D00DDE0A5;
			packageReferences = (
				26968C322C7A3A2E00DDE0A5 /* XCRemoteSwiftPackageReference "SwiftUtils" */,
			);
			productRefGroup = 26968C212C7A398D00DDE0A5 /* Products */;
			projectDirPath = "";
			projectRoot = "";
			targets = (
				26968C1F2C7A398D00DDE0A5 /* Just Note */,
			);
		};
/* End PBXProject section */

/* Begin PBXResourcesBuildPhase section */
		26968C1E2C7A398D00DDE0A5 /* Resources */ = {
			isa = PBXResourcesBuildPhase;
			buildActionMask = 2147483647;
			files = (
				26968C2C2C7A398E00DDE0A5 /* Preview Assets.xcassets in Resources */,
				26968C282C7A398E00DDE0A5 /* Assets.xcassets in Resources */,
			);
			runOnlyForDeploymentPostprocessing = 0;
		};
/* End PBXResourcesBuildPhase section */

/* Begin PBXSourcesBuildPhase section */
		26968C1C2C7A398D00DDE0A5 /* Sources */ = {
			isa = PBXSourcesBuildPhase;
			buildActionMask = 2147483647;
			files = (
				26968C422C7A3F1C00DDE0A5 /* EditView.swift in Sources */,
				26968C392C7A3B0100DDE0A5 /* SettingView.swift in Sources */,
				26968C3B2C7A3B1800DDE0A5 /* MainView.swift in Sources */,
				26968C442C7B833D00DDE0A5 /* NoteService.swift in Sources */,
				26968C262C7A398D00DDE0A5 /* ContentView.swift in Sources */,
				26968C462C7B838900DDE0A5 /* NoteItemModel.swift in Sources */,
				26968C402C7A3D3100DDE0A5 /* ListItemView.swift in Sources */,
				26968C3D2C7A3B2000DDE0A5 /* HomeView.swift in Sources */,
				26968C242C7A398D00DDE0A5 /* Just_NoteApp.swift in Sources */,
			);
			runOnlyForDeploymentPostprocessing = 0;
		};
/* End PBXSourcesBuildPhase section */

/* Begin XCBuildConfiguration section */
		26968C2D2C7A398E00DDE0A5 /* Debug */ = {
			isa = XCBuildConfiguration;
			buildSettings = {
				ALWAYS_SEARCH_USER_PATHS = NO;
				ASSETCATALOG_COMPILER_GENERATE_SWIFT_ASSET_SYMBOL_EXTENSIONS = YES;
				CLANG_ANALYZER_NONNULL = YES;
				CLANG_ANALYZER_NUMBER_OBJECT_CONVERSION = YES_AGGRESSIVE;
				CLANG_CXX_LANGUAGE_STANDARD = "gnu++20";
				CLANG_ENABLE_MODULES = YES;
				CLANG_ENABLE_OBJC_ARC = YES;
				CLANG_ENABLE_OBJC_WEAK = YES;
				CLANG_WARN_BLOCK_CAPTURE_AUTORELEASING = YES;
				CLANG_WARN_BOOL_CONVERSION = YES;
				CLANG_WARN_COMMA = YES;
				CLANG_WARN_CONSTANT_CONVERSION = YES;
				CLANG_WARN_DEPRECATED_OBJC_IMPLEMENTATIONS = YES;
				CLANG_WARN_DIRECT_OBJC_ISA_USAGE = YES_ERROR;
				CLANG_WARN_DOCUMENTATION_COMMENTS = YES;
				CLANG_WARN_EMPTY_BODY = YES;
				CLANG_WARN_ENUM_CONVERSION = YES;
				CLANG_WARN_INFINITE_RECURSION = YES;
				CLANG_WARN_INT_CONVERSION = YES;
				CLANG_WARN_NON_LITERAL_NULL_CONVERSION = YES;
				CLANG_WARN_OBJC_IMPLICIT_RETAIN_SELF = YES;
				CLANG_WARN_OBJC_LITERAL_CONVERSION = YES;
				CLANG_WARN_OBJC_ROOT_CLASS = YES_ERROR;
				CLANG_WARN_QUOTED_INCLUDE_IN_FRAMEWORK_HEADER = YES;
				CLANG_WARN_RANGE_LOOP_ANALYSIS = YES;
				CLANG_WARN_STRICT_PROTOTYPES = YES;
				CLANG_WARN_SUSPICIOUS_MOVE = YES;
				CLANG_WARN_UNGUARDED_AVAILABILITY = YES_AGGRESSIVE;
				CLANG_WARN_UNREACHABLE_CODE = YES;
				CLANG_WARN__DUPLICATE_METHOD_MATCH = YES;
				COPY_PHASE_STRIP = NO;
				DEBUG_INFORMATION_FORMAT = dwarf;
				ENABLE_STRICT_OBJC_MSGSEND = YES;
				ENABLE_TESTABILITY = YES;
				ENABLE_USER_SCRIPT_SANDBOXING = YES;
				GCC_C_LANGUAGE_STANDARD = gnu17;
				GCC_DYNAMIC_NO_PIC = NO;
				GCC_NO_COMMON_BLOCKS = YES;
				GCC_OPTIMIZATION_LEVEL = 0;
				GCC_PREPROCESSOR_DEFINITIONS = (
					"DEBUG=1",
					"$(inherited)",
				);
				GCC_WARN_64_TO_32_BIT_CONVERSION = YES;
				GCC_WARN_ABOUT_RETURN_TYPE = YES_ERROR;
				GCC_WARN_UNDECLARED_SELECTOR = YES;
				GCC_WARN_UNINITIALIZED_AUTOS = YES_AGGRESSIVE;
				GCC_WARN_UNUSED_FUNCTION = YES;
				GCC_WARN_UNUSED_VARIABLE = YES;
				LOCALIZATION_PREFERS_STRING_CATALOGS = YES;
				MTL_ENABLE_DEBUG_INFO = INCLUDE_SOURCE;
				MTL_FAST_MATH = YES;
				ONLY_ACTIVE_ARCH = YES;
				SWIFT_ACTIVE_COMPILATION_CONDITIONS = "DEBUG $(inherited)";
				SWIFT_OPTIMIZATION_LEVEL = "-Onone";
			};
			name = Debug;
		};
		26968C2E2C7A398E00DDE0A5 /* Release */ = {
			isa = XCBuildConfiguration;
			buildSettings = {
				ALWAYS_SEARCH_USER_PATHS = NO;
				ASSETCATALOG_COMPILER_GENERATE_SWIFT_ASSET_SYMBOL_EXTENSIONS = YES;
				CLANG_ANALYZER_NONNULL = YES;
				CLANG_ANALYZER_NUMBER_OBJECT_CONVERSION = YES_AGGRESSIVE;
				CLANG_CXX_LANGUAGE_STANDARD = "gnu++20";
				CLANG_ENABLE_MODULES = YES;
				CLANG_ENABLE_OBJC_ARC = YES;
				CLANG_ENABLE_OBJC_WEAK = YES;
				CLANG_WARN_BLOCK_CAPTURE_AUTORELEASING = YES;
				CLANG_WARN_BOOL_CONVERSION = YES;
				CLANG_WARN_COMMA = YES;
				CLANG_WARN_CONSTANT_CONVERSION = YES;
				CLANG_WARN_DEPRECATED_OBJC_IMPLEMENTATIONS = YES;
				CLANG_WARN_DIRECT_OBJC_ISA_USAGE = YES_ERROR;
				CLANG_WARN_DOCUMENTATION_COMMENTS = YES;
				CLANG_WARN_EMPTY_BODY = YES;
				CLANG_WARN_ENUM_CONVERSION = YES;
				CLANG_WARN_INFINITE_RECURSION = YES;
				CLANG_WARN_INT_CONVERSION = YES;
				CLANG_WARN_NON_LITERAL_NULL_CONVERSION = YES;
				CLANG_WARN_OBJC_IMPLICIT_RETAIN_SELF = YES;
				CLANG_WARN_OBJC_LITERAL_CONVERSION = YES;
				CLANG_WARN_OBJC_ROOT_CLASS = YES_ERROR;
				CLANG_WARN_QUOTED_INCLUDE_IN_FRAMEWORK_HEADER = YES;
				CLANG_WARN_RANGE_LOOP_ANALYSIS = YES;
				CLANG_WARN_STRICT_PROTOTYPES = YES;
				CLANG_WARN_SUSPICIOUS_MOVE = YES;
				CLANG_WARN_UNGUARDED_AVAILABILITY = YES_AGGRESSIVE;
				CLANG_WARN_UNREACHABLE_CODE = YES;
				CLANG_WARN__DUPLICATE_METHOD_MATCH = YES;
				COPY_PHASE_STRIP = NO;
				DEBUG_INFORMATION_FORMAT = "dwarf-with-dsym";
				ENABLE_NS_ASSERTIONS = NO;
				ENABLE_STRICT_OBJC_MSGSEND = YES;
				ENABLE_USER_SCRIPT_SANDBOXING = YES;
				GCC_C_LANGUAGE_STANDARD = gnu17;
				GCC_NO_COMMON_BLOCKS = YES;
				GCC_WARN_64_TO_32_BIT_CONVERSION = YES;
				GCC_WARN_ABOUT_RETURN_TYPE = YES_ERROR;
				GCC_WARN_UNDECLARED_SELECTOR = YES;
				GCC_WARN_UNINITIALIZED_AUTOS = YES_AGGRESSIVE;
				GCC_WARN_UNUSED_FUNCTION = YES;
				GCC_WARN_UNUSED_VARIABLE = YES;
				LOCALIZATION_PREFERS_STRING_CATALOGS = YES;
				MTL_ENABLE_DEBUG_INFO = NO;
				MTL_FAST_MATH = YES;
				SWIFT_COMPILATION_MODE = wholemodule;
			};
			name = Release;
		};
		26968C302C7A398E00DDE0A5 /* Debug */ = {
			isa = XCBuildConfiguration;
			buildSettings = {
				ASSETCATALOG_COMPILER_APPICON_NAME = AppIcon;
				ASSETCATALOG_COMPILER_GLOBAL_ACCENT_COLOR_NAME = AccentColor;
				CODE_SIGN_ENTITLEMENTS = "Just Note/Just_Note.entitlements";
				CODE_SIGN_STYLE = Automatic;
				CURRENT_PROJECT_VERSION = 1;
				DEVELOPMENT_ASSET_PATHS = "\"Just Note/Preview Content\"";
				DEVELOPMENT_TEAM = 7PDM8RVDK9;
				ENABLE_HARDENED_RUNTIME = YES;
				ENABLE_PREVIEWS = YES;
				GENERATE_INFOPLIST_FILE = YES;
				INFOPLIST_KEY_CFBundleDisplayName = "随便记";
				"INFOPLIST_KEY_UIApplicationSceneManifest_Generation[sdk=iphoneos*]" = YES;
				"INFOPLIST_KEY_UIApplicationSceneManifest_Generation[sdk=iphonesimulator*]" = YES;
				"INFOPLIST_KEY_UIApplicationSupportsIndirectInputEvents[sdk=iphoneos*]" = YES;
				"INFOPLIST_KEY_UIApplicationSupportsIndirectInputEvents[sdk=iphonesimulator*]" = YES;
				"INFOPLIST_KEY_UILaunchScreen_Generation[sdk=iphoneos*]" = YES;
				"INFOPLIST_KEY_UILaunchScreen_Generation[sdk=iphonesimulator*]" = YES;
				"INFOPLIST_KEY_UIStatusBarStyle[sdk=iphoneos*]" = UIStatusBarStyleDefault;
				"INFOPLIST_KEY_UIStatusBarStyle[sdk=iphonesimulator*]" = UIStatusBarStyleDefault;
				INFOPLIST_KEY_UISupportedInterfaceOrientations_iPad = "UIInterfaceOrientationPortrait UIInterfaceOrientationPortraitUpsideDown UIInterfaceOrientationLandscapeLeft UIInterfaceOrientationLandscapeRight";
				INFOPLIST_KEY_UISupportedInterfaceOrientations_iPhone = "UIInterfaceOrientationPortrait UIInterfaceOrientationLandscapeLeft UIInterfaceOrientationLandscapeRight";
				IPHONEOS_DEPLOYMENT_TARGET = 17.5;
				LD_RUNPATH_SEARCH_PATHS = "@executable_path/Frameworks";
				"LD_RUNPATH_SEARCH_PATHS[sdk=macosx*]" = "@executable_path/../Frameworks";
				MACOSX_DEPLOYMENT_TARGET = 14.5;
				MARKETING_VERSION = 0.0.1;
				PRODUCT_BUNDLE_IDENTIFIER = "me.zzhhoo.Just-Note";
				PRODUCT_NAME = "$(TARGET_NAME)";
				SDKROOT = auto;
				SUPPORTED_PLATFORMS = "iphoneos iphonesimulator macosx";
				SWIFT_EMIT_LOC_STRINGS = YES;
				SWIFT_VERSION = 5.0;
				TARGETED_DEVICE_FAMILY = "1,2";
			};
			name = Debug;
		};
		26968C312C7A398E00DDE0A5 /* Release */ = {
			isa = XCBuildConfiguration;
			buildSettings = {
				ASSETCATALOG_COMPILER_APPICON_NAME = AppIcon;
				ASSETCATALOG_COMPILER_GLOBAL_ACCENT_COLOR_NAME = AccentColor;
				CODE_SIGN_ENTITLEMENTS = "Just Note/Just_Note.entitlements";
				CODE_SIGN_STYLE = Automatic;
				CURRENT_PROJECT_VERSION = 1;
				DEVELOPMENT_ASSET_PATHS = "\"Just Note/Preview Content\"";
				DEVELOPMENT_TEAM = 7PDM8RVDK9;
				ENABLE_HARDENED_RUNTIME = YES;
				ENABLE_PREVIEWS = YES;
				GENERATE_INFOPLIST_FILE = YES;
				INFOPLIST_KEY_CFBundleDisplayName = "随便记";
				"INFOPLIST_KEY_UIApplicationSceneManifest_Generation[sdk=iphoneos*]" = YES;
				"INFOPLIST_KEY_UIApplicationSceneManifest_Generation[sdk=iphonesimulator*]" = YES;
				"INFOPLIST_KEY_UIApplicationSupportsIndirectInputEvents[sdk=iphoneos*]" = YES;
				"INFOPLIST_KEY_UIApplicationSupportsIndirectInputEvents[sdk=iphonesimulator*]" = YES;
				"INFOPLIST_KEY_UILaunchScreen_Generation[sdk=iphoneos*]" = YES;
				"INFOPLIST_KEY_UILaunchScreen_Generation[sdk=iphonesimulator*]" = YES;
				"INFOPLIST_KEY_UIStatusBarStyle[sdk=iphoneos*]" = UIStatusBarStyleDefault;
				"INFOPLIST_KEY_UIStatusBarStyle[sdk=iphonesimulator*]" = UIStatusBarStyleDefault;
				INFOPLIST_KEY_UISupportedInterfaceOrientations_iPad = "UIInterfaceOrientationPortrait UIInterfaceOrientationPortraitUpsideDown UIInterfaceOrientationLandscapeLeft UIInterfaceOrientationLandscapeRight";
				INFOPLIST_KEY_UISupportedInterfaceOrientations_iPhone = "UIInterfaceOrientationPortrait UIInterfaceOrientationLandscapeLeft UIInterfaceOrientationLandscapeRight";
				IPHONEOS_DEPLOYMENT_TARGET = 17.5;
				LD_RUNPATH_SEARCH_PATHS = "@executable_path/Frameworks";
				"LD_RUNPATH_SEARCH_PATHS[sdk=macosx*]" = "@executable_path/../Frameworks";
				MACOSX_DEPLOYMENT_TARGET = 14.5;
				MARKETING_VERSION = 0.0.1;
				PRODUCT_BUNDLE_IDENTIFIER = "me.zzhhoo.Just-Note";
				PRODUCT_NAME = "$(TARGET_NAME)";
				SDKROOT = auto;
				SUPPORTED_PLATFORMS = "iphoneos iphonesimulator macosx";
				SWIFT_EMIT_LOC_STRINGS = YES;
				SWIFT_VERSION = 5.0;
				TARGETED_DEVICE_FAMILY = "1,2";
			};
			name = Release;
		};
/* End XCBuildConfiguration section */

/* Begin XCConfigurationList section */
		26968C1B2C7A398D00DDE0A5 /* Build configuration list for PBXProject "Just Note" */ = {
			isa = XCConfigurationList;
			buildConfigurations = (
				26968C2D2C7A398E00DDE0A5 /* Debug */,
				26968C2E2C7A398E00DDE0A5 /* Release */,
			);
			defaultConfigurationIsVisible = 0;
			defaultConfigurationName = Release;
		};
		26968C2F2C7A398E00DDE0A5 /* Build configuration list for PBXNativeTarget "Just Note" */ = {
			isa = XCConfigurationList;
			buildConfigurations = (
				26968C302C7A398E00DDE0A5 /* Debug */,
				26968C312C7A398E00DDE0A5 /* Release */,
			);
			defaultConfigurationIsVisible = 0;
			defaultConfigurationName = Release;
		};
/* End XCConfigurationList section */

/* Begin XCRemoteSwiftPackageReference section */
		26968C322C7A3A2E00DDE0A5 /* XCRemoteSwiftPackageReference "SwiftUtils" */ = {
			isa = XCRemoteSwiftPackageReference;
			repositoryURL = "https://github.com/zhihaofans/SwiftUtils";
			requirement = {
				kind = upToNextMajorVersion;
				minimumVersion = 0.0.7;
			};
		};
/* End XCRemoteSwiftPackageReference section */

/* Begin XCSwiftPackageProductDependency section */
		26968C332C7A3A2E00DDE0A5 /* SwiftUtils */ = {
			isa = XCSwiftPackageProductDependency;
			package = 26968C322C7A3A2E00DDE0A5 /* XCRemoteSwiftPackageReference "SwiftUtils" */;
			productName = SwiftUtils;
		};
/* End XCSwiftPackageProductDependency section */
	};
	rootObject = 26968C182C7A398D00DDE0A5 /* Project object */;
}
